dependencies:
  idf:
    source:
      type: idf
    version: 5.4.0
  vgerwen/hcsr04:
    dependencies:
    - name: idf
      version: '>=4.4.0'
    source:
      path: E:\ESPprojects\component_folder\components\hcsr04
      type: local
    version: 0.0.1
direct_dependencies:
- vgerwen/hcsr04
manifest_hash: 44818f33890e6394f78c9ba5305e83087810f87f88723e94ea7ac1ef118ef887
target: esp32
version: 2.0.0
